{
  "lockfileVersion": 1,
  "configVersion": 1,
  "workspaces": {
    "": {
      "name": "mono",
      "devDependencies": {
        "@nitra/cursor": "^12.11.0",
      },
    },
    "npm": {
      "name": "@7n/test",
      "version": "0.1.0",
      "bin": {
        "n": "bin/n.js",
      },
    },
  },
  "packages": {
    "@7n/mt": ["@7n/mt@0.5.1", "", { "optionalDependencies": { "@7n/mt-darwin-arm64": "0.5.1", "@7n/mt-linux-x64": "0.5.1" }, "bin": { "mt": "bin/mt.js" } }, "sha512-fIP75AODAX6ri+Geznpph0BJR0kkOWeCarSNJCibLCPH3vnfbEvHC9/MgTk3zg9cYIGEFAHd1gkCEnOekexIdg=="],

    "@7n/mt-darwin-arm64": ["@7n/mt-darwin-arm64@0.5.1", "", { "os": "darwin", "cpu": "arm64" }, "sha512-ozofQxbsdrv7cVZJeb9P9MLwzpdNxdqTcmzRQjwSf316TK8ptxzZhU0b24CsoH/Ia98zhbJLBPsdK/ueHWFl4Q=="],

    "@7n/mt-linux-x64": ["@7n/mt-linux-x64@0.5.1", "", { "os": "linux", "cpu": "x64" }, "sha512-c4b1c435vfGZcRKkLnWcoKs8O6KTATFFx6gPGnid4ee+JDqzyhtxb5kzxYkcTQySO8iBHPAtUMEOBCHDrF1UjQ=="],

    "@7n/test": ["@7n/test@workspace:npm"],

    "@emnapi/core": ["@emnapi/core@1.11.1", "", { "dependencies": { "@emnapi/wasi-threads": "1.2.2", "tslib": "^2.4.0" } }, "sha512-RSvbQmHzdKzNsLYa/wHrbc3KN4sYLKAdPZxqiM2HATqv/SBk2/ENSHpvXGaLOMcsAyz0poEGqkmmKYG3OWiJEQ=="],

    "@emnapi/runtime": ["@emnapi/runtime@1.11.1", "", { "dependencies": { "tslib": "^2.4.0" } }, "sha512-vgj7R3y3Wgx24IQaGPA/R6YFXLHVMOZ0uVEyIQPaWs+rd1AzfEMXlAC22FYwO1XkKR6NPsq7mUandH8oIRdZFw=="],

    "@emnapi/wasi-threads": ["@emnapi/wasi-threads@1.2.2", "", { "dependencies": { "tslib": "^2.4.0" } }, "sha512-c95qOXkHdydNKhscBTebqEC1CVAZpyqOfVfBzQ1qgzyl3gfeldUjIggDbIZgDKsHLgnsM+igH7TJ/eAasaVuMA=="],

    "@napi-rs/wasm-runtime": ["@napi-rs/wasm-runtime@1.1.6", "", { "dependencies": { "@tybys/wasm-util": "^0.10.3" }, "peerDependencies": { "@emnapi/core": "^1.7.1", "@emnapi/runtime": "^1.7.1" } }, "sha512-ZLv/JdUfkvOy9eCnnBaGfiO+XimbjebAeO+MRQqD/B+FR1tnRN0tpKSJHRbE8sFfS6aqsXZ67TQjfwfsxULVbg=="],

    "@nitra/cursor": ["@nitra/cursor@12.11.0", "", { "dependencies": { "@7n/mt": "^0.5.1", "oxc-parser": "^0.137.0", "picomatch": "^4.0.4", "smol-toml": "^1.7.0", "yaml": "^2.9.0", "zod": "^4.4.3" }, "bin": { "n-cursor": "bin/n-cursor.js" } }, "sha512-lQ9hwgCCdxlkJ4iGGWaMyzd0m/0Aa2jnZc/cVP0PyptsOIPFyHHzXOr2l7Q1qnbg818idcgFO4z2O5MJ7TWQdA=="],

    "@oxc-parser/binding-android-arm-eabi": ["@oxc-parser/binding-android-arm-eabi@0.137.0", "", { "os": "android", "cpu": "arm" }, "sha512-KDs+0VPdEmasOkpuJHW9V5WCF+cvYdMQv2Jd+aJXt+cxIx12NToRQRbXaRwUEDsZw+/jMk81Ve8ZFbjUkJTOwA=="],

    "@oxc-parser/binding-android-arm64": ["@oxc-parser/binding-android-arm64@0.137.0", "", { "os": "android", "cpu": "arm64" }, "sha512-WhALNzfy3x/RfC6bsqX+csavuUY0yHHE7XfgPE5M542uhoBZUUoGTPG+nkMbGoG4+gcfss5s7urMyn5QBHu0sw=="],

    "@oxc-parser/binding-darwin-arm64": ["@oxc-parser/binding-darwin-arm64@0.137.0", "", { "os": "darwin", "cpu": "arm64" }, "sha512-bFPr5hgmNMOMoyPTGtdsK4Ug21RovIPojRMgDDhSp1LtCnc/DkLwGONKjgRjszg677RlGnkYSviQ8hHaUPOVYA=="],

    "@oxc-parser/binding-darwin-x64": ["@oxc-parser/binding-darwin-x64@0.137.0", "", { "os": "darwin", "cpu": "x64" }, "sha512-CL5dMm1asqXIDZHg14FLxj3Mc36w8PI7xCWh1uA4is6z8g2XrIILoTcQYOxDbwzuk34RDPX5IAGUxZr6LA9KAg=="],

    "@oxc-parser/binding-freebsd-x64": ["@oxc-parser/binding-freebsd-x64@0.137.0", "", { "os": "freebsd", "cpu": "x64" }, "sha512-79h8rYGnSlKPGWo7mHr2ixO6ea7aW8B0CT965SZ8SLbNnCOH5aOYBTeVXUY6eMvEaiLyWr8Skuiugr5pDYgLGw=="],

    "@oxc-parser/binding-linux-arm-gnueabihf": ["@oxc-parser/binding-linux-arm-gnueabihf@0.137.0", "", { "os": "linux", "cpu": "arm" }, "sha512-ASgmlSimhGyr0lksgVIo6hibz1obnDq4qJbiMX/AzltfgPnanRrzG1Q+23g8ljOHOjv6dsznkUuCYL3gg0sY1Q=="],

    "@oxc-parser/binding-linux-arm-musleabihf": ["@oxc-parser/binding-linux-arm-musleabihf@0.137.0", "", { "os": "linux", "cpu": "arm" }, "sha512-AU2J9aa22Sx32wRGnDjybOU9TQXXQUud5sdUi+ZB0XxwM8aToWLweV+yA0wlQm0yIUVqljquqoHCYEq9II8gJQ=="],

    "@oxc-parser/binding-linux-arm64-gnu": ["@oxc-parser/binding-linux-arm64-gnu@0.137.0", "", { "os": "linux", "cpu": "arm64" }, "sha512-GdEtiG89yMr7XkUGxifgodXEEm2f+xW2f9CpDjlgAnBOwhTmrpQMvhOGobLVKUyzf/qHBXW16smk5zbF3nZU6w=="],

    "@oxc-parser/binding-linux-arm64-musl": ["@oxc-parser/binding-linux-arm64-musl@0.137.0", "", { "os": "linux", "cpu": "arm64" }, "sha512-EGJ+Bs8iXx8KBH8DQ5BLoEm5lnHaYjlh4/8j8vFhrr/6z4tqONy5BZDzLpKmmNWlN6Hlc5r8YOuBVHqZ9vRFEQ=="],

    "@oxc-parser/binding-linux-ppc64-gnu": ["@oxc-parser/binding-linux-ppc64-gnu@0.137.0", "", { "os": "linux", "cpu": "ppc64" }, "sha512-vzFUQENy/fnbSe5DZWovq6tIBc1uhuMztanSW6rz1e9WdQE4gHwYuD7ZII6JnrJifd1R3RSoqiZbgRFlVL2tYQ=="],

    "@oxc-parser/binding-linux-riscv64-gnu": ["@oxc-parser/binding-linux-riscv64-gnu@0.137.0", "", { "os": "linux", "cpu": "none" }, "sha512-SfVI14HBQs9gtLcUD5hTt5hsNbdrqSUNg9S8muN+LhVQ5nf1WwH3hAoK6B9NKgdYgWAQSXFXGiiBedQ4r/BKuw=="],

    "@oxc-parser/binding-linux-riscv64-musl": ["@oxc-parser/binding-linux-riscv64-musl@0.137.0", "", { "os": "linux", "cpu": "none" }, "sha512-e7Ppy4FCIFNQxT/ikSeIWFoQ0l+N9vgtRBtLcyZXeolTzApyVoPqEXsYPrcdM/9i0Bwk8knvYd37vaEMxHyi6g=="],

    "@oxc-parser/binding-linux-s390x-gnu": ["@oxc-parser/binding-linux-s390x-gnu@0.137.0", "", { "os": "linux", "cpu": "s390x" }, "sha512-Bho5qFwdhqsIFR7gipYEUlqvi3SRrY8sugxXig380MIaakBB1PyU9+7dBiBVScfImTNWhijUxdBwqrprGdq5WA=="],

    "@oxc-parser/binding-linux-x64-gnu": ["@oxc-parser/binding-linux-x64-gnu@0.137.0", "", { "os": "linux", "cpu": "x64" }, "sha512-36mGWtg7PyFzjJwGDkH6/F4o2nIDEoKXLPr/X/lwqklkomQwJJt1I5GJVmGhovUEmgPK5WAeAZMqlFCehwiy9Q=="],

    "@oxc-parser/binding-linux-x64-musl": ["@oxc-parser/binding-linux-x64-musl@0.137.0", "", { "os": "linux", "cpu": "x64" }, "sha512-/Jqx6+N7A44n2BdvUr7pXhVr2vFjs6WGH3unZRczwrfiH0H1zY0QwKQMG/dtRiTlKGDKGukznPT8lx84/oEsZg=="],

    "@oxc-parser/binding-openharmony-arm64": ["@oxc-parser/binding-openharmony-arm64@0.137.0", "", { "os": "none", "cpu": "arm64" }, "sha512-9Uj0qHNNl+OgT1UTGwF7ixIXU6T1u2SbMidmgPy/h1h/fl2gRS6YpAxxY1gwHofcWjoTwkoMFd8xs5Vuj6GOFA=="],

    "@oxc-parser/binding-wasm32-wasi": ["@oxc-parser/binding-wasm32-wasi@0.137.0", "", { "dependencies": { "@emnapi/core": "1.11.1", "@emnapi/runtime": "1.11.1", "@napi-rs/wasm-runtime": "^1.1.5" }, "cpu": "none" }, "sha512-gW2vfkytNGgMVADiuzdvOfw0mWG9za20F/1fCJsif5aBMAvWJTSbpIXbIe0XkOe0VENk+PadpQ7cZgUy2sUJcA=="],

    "@oxc-parser/binding-win32-arm64-msvc": ["@oxc-parser/binding-win32-arm64-msvc@0.137.0", "", { "os": "win32", "cpu": "arm64" }, "sha512-x+pFANF0yL5uK/6T7lu6SlR5qid6sp//eZXKLq5iNsIE+EQg6EaS8/wsW7E91nXXjpnPhSoMOHXShSVhGRdn8w=="],

    "@oxc-parser/binding-win32-ia32-msvc": ["@oxc-parser/binding-win32-ia32-msvc@0.137.0", "", { "os": "win32", "cpu": "ia32" }, "sha512-sQUqym80PFi6McRsIqfJrSu2JrSClEZIXXD+/FjAFoULEKzOPsldIdFBG96xdX8aVMzCNQ9792FPx3MfkEIrFA=="],

    "@oxc-parser/binding-win32-x64-msvc": ["@oxc-parser/binding-win32-x64-msvc@0.137.0", "", { "os": "win32", "cpu": "x64" }, "sha512-2AsevxlvNN4WKxpEn3RtqD5zbqMaXF+T7JXblsP4gVuY+vC9dXS4ED/PwfRCliFqoeisYS3Iro4DHzxr0TEvVA=="],

    "@oxc-project/types": ["@oxc-project/types@0.137.0", "", {}, "sha512-WT+Gb24i8hmvo85AIv2oEYouEXkRlKAlT9WaCa3TfLgNCN+GhrJOGZuIlMouAh38Qe4QOx26eUOVsq70qXrywA=="],

    "@tybys/wasm-util": ["@tybys/wasm-util@0.10.3", "", { "dependencies": { "tslib": "^2.4.0" } }, "sha512-F3fo1MYrRJYL3zER0OUOmkutjr1Vp23m7OsSgp7nq4SP6OqX6C/56XFIPAl5bt3zaBRjmW7SGz3u/6LwFpYcOg=="],

    "oxc-parser": ["oxc-parser@0.137.0", "", { "dependencies": { "@oxc-project/types": "^0.137.0" }, "optionalDependencies": { "@oxc-parser/binding-android-arm-eabi": "0.137.0", "@oxc-parser/binding-android-arm64": "0.137.0", "@oxc-parser/binding-darwin-arm64": "0.137.0", "@oxc-parser/binding-darwin-x64": "0.137.0", "@oxc-parser/binding-freebsd-x64": "0.137.0", "@oxc-parser/binding-linux-arm-gnueabihf": "0.137.0", "@oxc-parser/binding-linux-arm-musleabihf": "0.137.0", "@oxc-parser/binding-linux-arm64-gnu": "0.137.0", "@oxc-parser/binding-linux-arm64-musl": "0.137.0", "@oxc-parser/binding-linux-ppc64-gnu": "0.137.0", "@oxc-parser/binding-linux-riscv64-gnu": "0.137.0", "@oxc-parser/binding-linux-riscv64-musl": "0.137.0", "@oxc-parser/binding-linux-s390x-gnu": "0.137.0", "@oxc-parser/binding-linux-x64-gnu": "0.137.0", "@oxc-parser/binding-linux-x64-musl": "0.137.0", "@oxc-parser/binding-openharmony-arm64": "0.137.0", "@oxc-parser/binding-wasm32-wasi": "0.137.0", "@oxc-parser/binding-win32-arm64-msvc": "0.137.0", "@oxc-parser/binding-win32-ia32-msvc": "0.137.0", "@oxc-parser/binding-win32-x64-msvc": "0.137.0" } }, "sha512-yFImD+WLElJpLKy8llG1qe4DCmMsL18peRp8XP1JKfig/gISbJkglnpDtX2aTmAn10kZF7164HbN2H8QPsXxGg=="],

    "picomatch": ["picomatch@4.0.4", "", {}, "sha512-QP88BAKvMam/3NxH6vj2o21R6MjxZUAd6nlwAS/pnGvN9IVLocLHxGYIzFhg6fUQ+5th6P4dv4eW9jX3DSIj7A=="],

    "smol-toml": ["smol-toml@1.7.0", "", {}, "sha512-aqVvWoyO21L23mb+drl4RmMXbf6N7FdHjAhTRA9ZBL7apWBgfWC16KjrASI+1p9GAroljyMHj6fK67i0UiTNvQ=="],

    "tslib": ["tslib@2.8.1", "", {}, "sha512-oJFu94HQb+KVduSUQL7wnpmqnfmLsOA/nAh6b6EH0wCEoK0/mPeXU6c3wKDV83MkOuHPRHtSXKKU99IBazS/2w=="],

    "yaml": ["yaml@2.9.0", "", { "bin": { "yaml": "bin.mjs" } }, "sha512-2AvhNX3mb8zd6Zy7INTtSpl1F15HW6Wnqj0srWlkKLcpYl/gMIMJiyuGq2KeI2YFxUPjdlB+3Lc10seMLtL4cA=="],

    "zod": ["zod@4.4.3", "", {}, "sha512-ytENFjIJFl2UwYglde2jchW2Hwm4GJFLDiSXWdTrJQBIN9Fcyp7n4DhxJEiWNAJMV1/BqWfW/kkg71UDcHJyTQ=="],
  }
}
